
Microsoft Visual Studio Solution File, Format Version 12.00
# Visual Studio Version 16
VisualStudioVersion = 16.0.29009.5
MinimumVisualStudioVersion = 10.0.40219.1
Project("{8BC9CEB8-8B4A-11D0-8D11-00A0C91BC942}") = "transilvaniaeromania123", "transilvaniaeromania123\transilvaniaeromania123.vcxproj", "{9228847C-7E7D-4ECF-BBD7-067FD029B4E1}"
EndProject
Global
	GlobalSection(SolutionConfigurationPlatforms) = preSolution
		Debug|x64 = Debug|x64
		Debug|x86 = Debug|x86
		Release|x64 = Release|x64
		Release|x86 = Release|x86
	EndGlobalSection
	GlobalSection(ProjectConfigurationPlatforms) = postSolution
		{9228847C-7E7D-4ECF-BBD7-067FD029B4E1}.Debug|x64.ActiveCfg = Debug|x64
		{9228847C-7E7D-4ECF-BBD7-067FD029B4E1}.Debug|x64.Build.0 = Debug|x64
		{9228847C-7E7D-4ECF-BBD7-067FD029B4E1}.Debug|x86.ActiveCfg = Debug|x64
		{9228847C-7E7D-4ECF-BBD7-067FD029B4E1}.Debug|x86.Build.0 = Debug|x64
		{9228847C-7E7D-4ECF-BBD7-067FD029B4E1}.Release|x64.ActiveCfg = Release|x64
		{9228847C-7E7D-4ECF-BBD7-067FD029B4E1}.Release|x64.Build.0 = Release|x64
		{9228847C-7E7D-4ECF-BBD7-067FD029B4E1}.Release|x86.ActiveCfg = Release|Win32
		{9228847C-7E7D-4ECF-BBD7-067FD029B4E1}.Release|x86.Build.0 = Release|Win32
	EndGlobalSection
	GlobalSection(SolutionProperties) = preSolution
		HideSolutionNode = FALSE
	EndGlobalSection
	GlobalSection(ExtensibilityGlobals) = postSolution
		SolutionGuid = {3E8A3492-38AA-48A8-A3F1-AB615F6E37F0}
	EndGlobalSection
EndGlobal
